
Microsoft Visual Studio Solution File, Format Version 12.00
# Visual Studio Version 17
VisualStudioVersion = 17.3.32929.385
MinimumVisualStudioVersion = 10.0.40219.1
Project("{8BC9CEB8-8B4A-11D0-8D11-00A0C91BC942}") = "MalDLL", "MalDLL\MalDLL.vcxproj", "{A07D535F-E639-4EB0-82F3-D0BA196EC4F5}"
EndProject
Global
	GlobalSection(SolutionConfigurationPlatforms) = preSolution
		Debug|x64 = Debug|x64
		Debug|x86 = Debug|x86
		Release|x64 = Release|x64
		Release|x86 = Release|x86
	EndGlobalSection
	GlobalSection(ProjectConfigurationPlatforms) = postSolution
		{A07D535F-E639-4EB0-82F3-D0BA196EC4F5}.Debug|x64.ActiveCfg = Debug|x64
		{A07D535F-E639-4EB0-82F3-D0BA196EC4F5}.Debug|x64.Build.0 = Debug|x64
		{A07D535F-E639-4EB0-82F3-D0BA196EC4F5}.Debug|x86.ActiveCfg = Debug|Win32
		{A07D535F-E639-4EB0-82F3-D0BA196EC4F5}.Debug|x86.Build.0 = Debug|Win32
		{A07D535F-E639-4EB0-82F3-D0BA196EC4F5}.Release|x64.ActiveCfg = Release|x64
		{A07D535F-E639-4EB0-82F3-D0BA196EC4F5}.Release|x64.Build.0 = Release|x64
		{A07D535F-E639-4EB0-82F3-D0BA196EC4F5}.Release|x86.ActiveCfg = Release|Win32
		{A07D535F-E639-4EB0-82F3-D0BA196EC4F5}.Release|x86.Build.0 = Release|Win32
	EndGlobalSection
	GlobalSection(SolutionProperties) = preSolution
		HideSolutionNode = FALSE
	EndGlobalSection
	GlobalSection(ExtensibilityGlobals) = postSolution
		SolutionGuid = {31B728DD-F972-4920-9679-E15213F60397}
	EndGlobalSection
EndGlobal
